
Microsoft Visual Studio Solution File, Format Version 12.00
# Visual Studio 2013
VisualStudioVersion = 12.0.31101.0
MinimumVisualStudioVersion = 10.0.40219.1
Project("{FAE04EC0-301F-11D3-BF4B-00C04F79EFBC}") = "Task1_Console", "Task1_Console\Task1_Console.csproj", "{42A1C2BE-074A-4B58-A1BD-09DF668BE2C3}"
EndProject
Project("{FAE04EC0-301F-11D3-BF4B-00C04F79EFBC}") = "Task1", "Task1\Task1.csproj", "{60BAEFFD-FFD3-43C3-BBB6-DF77F01CC3E6}"
EndProject
Project("{FAE04EC0-301F-11D3-BF4B-00C04F79EFBC}") = "Task2Test", "Task2Test\Task2Test.csproj", "{067456C0-086C-46A8-B37F-1405717B7BFC}"
EndProject
Project("{FAE04EC0-301F-11D3-BF4B-00C04F79EFBC}") = "Task2", "Task2\Task2.csproj", "{1303B0A5-BD23-4DAE-B910-B0893769AFB0}"
EndProject
Project("{FAE04EC0-301F-11D3-BF4B-00C04F79EFBC}") = "Task3Test", "Task3Test\Task3Test.csproj", "{1F899BA1-BC73-4B4E-9A7A-4822584B1816}"
EndProject
Project("{FAE04EC0-301F-11D3-BF4B-00C04F79EFBC}") = "Task3", "Task3\Task3.csproj", "{019ABEED-BFFC-4E4C-9B66-5ACBCB109CE1}"
EndProject
Global
	GlobalSection(SolutionConfigurationPlatforms) = preSolution
		Debug|Any CPU = Debug|Any CPU
		Release|Any CPU = Release|Any CPU
	EndGlobalSection
	GlobalSection(ProjectConfigurationPlatforms) = postSolution
		{42A1C2BE-074A-4B58-A1BD-09DF668BE2C3}.Debug|Any CPU.ActiveCfg = Debug|Any CPU
		{42A1C2BE-074A-4B58-A1BD-09DF668BE2C3}.Debug|Any CPU.Build.0 = Debug|Any CPU
		{42A1C2BE-074A-4B58-A1BD-09DF668BE2C3}.Release|Any CPU.ActiveCfg = Release|Any CPU
		{42A1C2BE-074A-4B58-A1BD-09DF668BE2C3}.Release|Any CPU.Build.0 = Release|Any CPU
		{60BAEFFD-FFD3-43C3-BBB6-DF77F01CC3E6}.Debug|Any CPU.ActiveCfg = Debug|Any CPU
		{60BAEFFD-FFD3-43C3-BBB6-DF77F01CC3E6}.Debug|Any CPU.Build.0 = Debug|Any CPU
		{60BAEFFD-FFD3-43C3-BBB6-DF77F01CC3E6}.Release|Any CPU.ActiveCfg = Release|Any CPU
		{60BAEFFD-FFD3-43C3-BBB6-DF77F01CC3E6}.Release|Any CPU.Build.0 = Release|Any CPU
		{067456C0-086C-46A8-B37F-1405717B7BFC}.Debug|Any CPU.ActiveCfg = Debug|Any CPU
		{067456C0-086C-46A8-B37F-1405717B7BFC}.Debug|Any CPU.Build.0 = Debug|Any CPU
		{067456C0-086C-46A8-B37F-1405717B7BFC}.Release|Any CPU.ActiveCfg = Release|Any CPU
		{067456C0-086C-46A8-B37F-1405717B7BFC}.Release|Any CPU.Build.0 = Release|Any CPU
		{1303B0A5-BD23-4DAE-B910-B0893769AFB0}.Debug|Any CPU.ActiveCfg = Debug|Any CPU
		{1303B0A5-BD23-4DAE-B910-B0893769AFB0}.Debug|Any CPU.Build.0 = Debug|Any CPU
		{1303B0A5-BD23-4DAE-B910-B0893769AFB0}.Release|Any CPU.ActiveCfg = Release|Any CPU
		{1303B0A5-BD23-4DAE-B910-B0893769AFB0}.Release|Any CPU.Build.0 = Release|Any CPU
		{1F899BA1-BC73-4B4E-9A7A-4822584B1816}.Debug|Any CPU.ActiveCfg = Debug|Any CPU
		{1F899BA1-BC73-4B4E-9A7A-4822584B1816}.Debug|Any CPU.Build.0 = Debug|Any CPU
		{1F899BA1-BC73-4B4E-9A7A-4822584B1816}.Release|Any CPU.ActiveCfg = Release|Any CPU
		{1F899BA1-BC73-4B4E-9A7A-4822584B1816}.Release|Any CPU.Build.0 = Release|Any CPU
		{019ABEED-BFFC-4E4C-9B66-5ACBCB109CE1}.Debug|Any CPU.ActiveCfg = Debug|Any CPU
		{019ABEED-BFFC-4E4C-9B66-5ACBCB109CE1}.Debug|Any CPU.Build.0 = Debug|Any CPU
		{019ABEED-BFFC-4E4C-9B66-5ACBCB109CE1}.Release|Any CPU.ActiveCfg = Release|Any CPU
		{019ABEED-BFFC-4E4C-9B66-5ACBCB109CE1}.Release|Any CPU.Build.0 = Release|Any CPU
	EndGlobalSection
	GlobalSection(SolutionProperties) = preSolution
		HideSolutionNode = FALSE
	EndGlobalSection
EndGlobal
